
Microsoft Visual Studio Solution File, Format Version 12.00
# Visual Studio 15
VisualStudioVersion = 15.0.28307.1231
MinimumVisualStudioVersion = 10.0.40219.1
Project("{FAE04EC0-301F-11D3-BF4B-00C04F79EFBC}") = "ConsoleUno", "ConsoleUno\ConsoleUno.csproj", "{75C2CFA5-1BDA-4B3A-BC19-67605B6F15FF}"
EndProject
Project("{FAE04EC0-301F-11D3-BF4B-00C04F79EFBC}") = "ConsoleDos", "ConsoleDos\ConsoleDos.csproj", "{47C3F602-E8DD-46EC-89E7-6646BE4554FE}"
EndProject
Global
	GlobalSection(SolutionConfigurationPlatforms) = preSolution
		Debug|Any CPU = Debug|Any CPU
		Release|Any CPU = Release|Any CPU
	EndGlobalSection
	GlobalSection(ProjectConfigurationPlatforms) = postSolution
		{75C2CFA5-1BDA-4B3A-BC19-67605B6F15FF}.Debug|Any CPU.ActiveCfg = Debug|Any CPU
		{75C2CFA5-1BDA-4B3A-BC19-67605B6F15FF}.Debug|Any CPU.Build.0 = Debug|Any CPU
		{75C2CFA5-1BDA-4B3A-BC19-67605B6F15FF}.Release|Any CPU.ActiveCfg = Release|Any CPU
		{75C2CFA5-1BDA-4B3A-BC19-67605B6F15FF}.Release|Any CPU.Build.0 = Release|Any CPU
		{47C3F602-E8DD-46EC-89E7-6646BE4554FE}.Debug|Any CPU.ActiveCfg = Debug|Any CPU
		{47C3F602-E8DD-46EC-89E7-6646BE4554FE}.Debug|Any CPU.Build.0 = Debug|Any CPU
		{47C3F602-E8DD-46EC-89E7-6646BE4554FE}.Release|Any CPU.ActiveCfg = Release|Any CPU
		{47C3F602-E8DD-46EC-89E7-6646BE4554FE}.Release|Any CPU.Build.0 = Release|Any CPU
	EndGlobalSection
	GlobalSection(SolutionProperties) = preSolution
		HideSolutionNode = FALSE
	EndGlobalSection
	GlobalSection(ExtensibilityGlobals) = postSolution
		SolutionGuid = {778B601E-594D-4254-8CB0-54942E8D649D}
	EndGlobalSection
EndGlobal
